
Microsoft Visual Studio Solution File, Format Version 12.00
# Visual Studio Version 16
VisualStudioVersion = 16.0.30413.136
MinimumVisualStudioVersion = 10.0.40219.1
Project("{FAE04EC0-301F-11D3-BF4B-00C04F79EFBC}") = "OperationsWithVariablesApp", "OperationsWithVariablesApp\OperationsWithVariablesApp.csproj", "{E5964D11-F096-46E4-BA92-97912AA9838D}"
EndProject
Global
	GlobalSection(SolutionConfigurationPlatforms) = preSolution
		Debug|Any CPU = Debug|Any CPU
		Release|Any CPU = Release|Any CPU
	EndGlobalSection
	GlobalSection(ProjectConfigurationPlatforms) = postSolution
		{E5964D11-F096-46E4-BA92-97912AA9838D}.Debug|Any CPU.ActiveCfg = Debug|Any CPU
		{E5964D11-F096-46E4-BA92-97912AA9838D}.Debug|Any CPU.Build.0 = Debug|Any CPU
		{E5964D11-F096-46E4-BA92-97912AA9838D}.Release|Any CPU.ActiveCfg = Release|Any CPU
		{E5964D11-F096-46E4-BA92-97912AA9838D}.Release|Any CPU.Build.0 = Release|Any CPU
	EndGlobalSection
	GlobalSection(SolutionProperties) = preSolution
		HideSolutionNode = FALSE
	EndGlobalSection
	GlobalSection(ExtensibilityGlobals) = postSolution
		SolutionGuid = {6F1D9125-D5B4-4C6D-8052-3ED17FC21061}
	EndGlobalSection
EndGlobal
