
Microsoft Visual Studio Solution File, Format Version 12.00
# Visual Studio Version 16
VisualStudioVersion = 16.0.30413.136
MinimumVisualStudioVersion = 10.0.40219.1
Project("{FAE04EC0-301F-11D3-BF4B-00C04F79EFBC}") = "CalcApp", "CalcApp\CalcApp.csproj", "{D72E1347-9E54-44D0-87D9-921046FCD499}"
EndProject
Global
	GlobalSection(SolutionConfigurationPlatforms) = preSolution
		Debug|Any CPU = Debug|Any CPU
		Release|Any CPU = Release|Any CPU
	EndGlobalSection
	GlobalSection(ProjectConfigurationPlatforms) = postSolution
		{D72E1347-9E54-44D0-87D9-921046FCD499}.Debug|Any CPU.ActiveCfg = Debug|Any CPU
		{D72E1347-9E54-44D0-87D9-921046FCD499}.Debug|Any CPU.Build.0 = Debug|Any CPU
		{D72E1347-9E54-44D0-87D9-921046FCD499}.Release|Any CPU.ActiveCfg = Release|Any CPU
		{D72E1347-9E54-44D0-87D9-921046FCD499}.Release|Any CPU.Build.0 = Release|Any CPU
	EndGlobalSection
	GlobalSection(SolutionProperties) = preSolution
		HideSolutionNode = FALSE
	EndGlobalSection
	GlobalSection(ExtensibilityGlobals) = postSolution
		SolutionGuid = {5B7373E6-C74C-4E3A-A848-FDE3B067F181}
	EndGlobalSection
EndGlobal
