
Microsoft Visual Studio Solution File, Format Version 12.00
# Visual Studio Version 16
VisualStudioVersion = 16.0.30413.136
MinimumVisualStudioVersion = 10.0.40219.1
Project("{FAE04EC0-301F-11D3-BF4B-00C04F79EFBC}") = "DisplayingNumbersApp", "DisplayingNumbersApp\DisplayingNumbersApp.csproj", "{6E48EC06-84A5-4007-B541-2EAAF6791912}"
EndProject
Global
	GlobalSection(SolutionConfigurationPlatforms) = preSolution
		Debug|Any CPU = Debug|Any CPU
		Release|Any CPU = Release|Any CPU
	EndGlobalSection
	GlobalSection(ProjectConfigurationPlatforms) = postSolution
		{6E48EC06-84A5-4007-B541-2EAAF6791912}.Debug|Any CPU.ActiveCfg = Debug|Any CPU
		{6E48EC06-84A5-4007-B541-2EAAF6791912}.Debug|Any CPU.Build.0 = Debug|Any CPU
		{6E48EC06-84A5-4007-B541-2EAAF6791912}.Release|Any CPU.ActiveCfg = Release|Any CPU
		{6E48EC06-84A5-4007-B541-2EAAF6791912}.Release|Any CPU.Build.0 = Release|Any CPU
	EndGlobalSection
	GlobalSection(SolutionProperties) = preSolution
		HideSolutionNode = FALSE
	EndGlobalSection
	GlobalSection(ExtensibilityGlobals) = postSolution
		SolutionGuid = {A0877454-8172-4EC5-964D-289AB4A214D8}
	EndGlobalSection
EndGlobal
