
Microsoft Visual Studio Solution File, Format Version 12.00
# Visual Studio Version 16
VisualStudioVersion = 16.0.31702.278
MinimumVisualStudioVersion = 10.0.40219.1
Project("{9A19103F-16F7-4668-BE54-9A1E7A4F7556}") = "RectangleApp", "RectangleApp.csproj", "{859301A2-5B7E-4C5C-9FEB-72B7A9A233CF}"
EndProject
Global
	GlobalSection(SolutionConfigurationPlatforms) = preSolution
		Debug|Any CPU = Debug|Any CPU
		Release|Any CPU = Release|Any CPU
	EndGlobalSection
	GlobalSection(ProjectConfigurationPlatforms) = postSolution
		{859301A2-5B7E-4C5C-9FEB-72B7A9A233CF}.Debug|Any CPU.ActiveCfg = Debug|Any CPU
		{859301A2-5B7E-4C5C-9FEB-72B7A9A233CF}.Debug|Any CPU.Build.0 = Debug|Any CPU
		{859301A2-5B7E-4C5C-9FEB-72B7A9A233CF}.Release|Any CPU.ActiveCfg = Release|Any CPU
		{859301A2-5B7E-4C5C-9FEB-72B7A9A233CF}.Release|Any CPU.Build.0 = Release|Any CPU
	EndGlobalSection
	GlobalSection(SolutionProperties) = preSolution
		HideSolutionNode = FALSE
	EndGlobalSection
	GlobalSection(ExtensibilityGlobals) = postSolution
		SolutionGuid = {B6EEDC30-A106-4729-A333-3FB91768AE84}
	EndGlobalSection
EndGlobal
