
Microsoft Visual Studio Solution File, Format Version 12.00
# Visual Studio Version 16
VisualStudioVersion = 16.0.30413.136
MinimumVisualStudioVersion = 10.0.40219.1
Project("{FAE04EC0-301F-11D3-BF4B-00C04F79EFBC}") = "UserInfoApp", "UserInfoApp\UserInfoApp.csproj", "{512C1328-465B-4F2A-8791-39F3CD80A393}"
EndProject
Global
	GlobalSection(SolutionConfigurationPlatforms) = preSolution
		Debug|Any CPU = Debug|Any CPU
		Release|Any CPU = Release|Any CPU
	EndGlobalSection
	GlobalSection(ProjectConfigurationPlatforms) = postSolution
		{512C1328-465B-4F2A-8791-39F3CD80A393}.Debug|Any CPU.ActiveCfg = Debug|Any CPU
		{512C1328-465B-4F2A-8791-39F3CD80A393}.Debug|Any CPU.Build.0 = Debug|Any CPU
		{512C1328-465B-4F2A-8791-39F3CD80A393}.Release|Any CPU.ActiveCfg = Release|Any CPU
		{512C1328-465B-4F2A-8791-39F3CD80A393}.Release|Any CPU.Build.0 = Release|Any CPU
	EndGlobalSection
	GlobalSection(SolutionProperties) = preSolution
		HideSolutionNode = FALSE
	EndGlobalSection
	GlobalSection(ExtensibilityGlobals) = postSolution
		SolutionGuid = {C2454E01-7428-4C47-9D1A-BBCCD51FE634}
	EndGlobalSection
EndGlobal
