
Microsoft Visual Studio Solution File, Format Version 12.00
# Visual Studio Version 16
VisualStudioVersion = 16.0.29613.14
MinimumVisualStudioVersion = 10.0.40219.1
Project("{FAE04EC0-301F-11D3-BF4B-00C04F79EFBC}") = "ShowStringsApp", "ShowStringsApp\ShowStringsApp.csproj", "{9F23A04E-6A5B-4093-B3A9-0DD764BDA900}"
EndProject
Global
	GlobalSection(SolutionConfigurationPlatforms) = preSolution
		Debug|Any CPU = Debug|Any CPU
		Release|Any CPU = Release|Any CPU
	EndGlobalSection
	GlobalSection(ProjectConfigurationPlatforms) = postSolution
		{9F23A04E-6A5B-4093-B3A9-0DD764BDA900}.Debug|Any CPU.ActiveCfg = Debug|Any CPU
		{9F23A04E-6A5B-4093-B3A9-0DD764BDA900}.Debug|Any CPU.Build.0 = Debug|Any CPU
		{9F23A04E-6A5B-4093-B3A9-0DD764BDA900}.Release|Any CPU.ActiveCfg = Release|Any CPU
		{9F23A04E-6A5B-4093-B3A9-0DD764BDA900}.Release|Any CPU.Build.0 = Release|Any CPU
	EndGlobalSection
	GlobalSection(SolutionProperties) = preSolution
		HideSolutionNode = FALSE
	EndGlobalSection
	GlobalSection(ExtensibilityGlobals) = postSolution
		SolutionGuid = {8EEC6817-2103-484D-8AB6-E5CA3F459F84}
	EndGlobalSection
EndGlobal
