
Microsoft Visual Studio Solution File, Format Version 12.00
# Visual Studio Version 16
VisualStudioVersion = 16.0.30413.136
MinimumVisualStudioVersion = 10.0.40219.1
Project("{FAE04EC0-301F-11D3-BF4B-00C04F79EFBC}") = "ConvertorTestApp", "ConvertorTestApp\ConvertorTestApp.csproj", "{B54D5A33-6106-465A-B14F-C6D44F11D51F}"
EndProject
Global
	GlobalSection(SolutionConfigurationPlatforms) = preSolution
		Debug|Any CPU = Debug|Any CPU
		Release|Any CPU = Release|Any CPU
	EndGlobalSection
	GlobalSection(ProjectConfigurationPlatforms) = postSolution
		{B54D5A33-6106-465A-B14F-C6D44F11D51F}.Debug|Any CPU.ActiveCfg = Debug|Any CPU
		{B54D5A33-6106-465A-B14F-C6D44F11D51F}.Debug|Any CPU.Build.0 = Debug|Any CPU
		{B54D5A33-6106-465A-B14F-C6D44F11D51F}.Release|Any CPU.ActiveCfg = Release|Any CPU
		{B54D5A33-6106-465A-B14F-C6D44F11D51F}.Release|Any CPU.Build.0 = Release|Any CPU
	EndGlobalSection
	GlobalSection(SolutionProperties) = preSolution
		HideSolutionNode = FALSE
	EndGlobalSection
	GlobalSection(ExtensibilityGlobals) = postSolution
		SolutionGuid = {980FA591-83F4-45BF-96A6-D1AB709C3014}
	EndGlobalSection
EndGlobal
