
Microsoft Visual Studio Solution File, Format Version 12.00
# Visual Studio Version 16
VisualStudioVersion = 16.0.30413.136
MinimumVisualStudioVersion = 10.0.40219.1
Project("{FAE04EC0-301F-11D3-BF4B-00C04F79EFBC}") = "TriangleApp", "TriangleApp\TriangleApp.csproj", "{3B4F9C75-0D2A-46D2-A670-E10933BA4F64}"
EndProject
Global
	GlobalSection(SolutionConfigurationPlatforms) = preSolution
		Debug|Any CPU = Debug|Any CPU
		Release|Any CPU = Release|Any CPU
	EndGlobalSection
	GlobalSection(ProjectConfigurationPlatforms) = postSolution
		{3B4F9C75-0D2A-46D2-A670-E10933BA4F64}.Debug|Any CPU.ActiveCfg = Debug|Any CPU
		{3B4F9C75-0D2A-46D2-A670-E10933BA4F64}.Debug|Any CPU.Build.0 = Debug|Any CPU
		{3B4F9C75-0D2A-46D2-A670-E10933BA4F64}.Release|Any CPU.ActiveCfg = Release|Any CPU
		{3B4F9C75-0D2A-46D2-A670-E10933BA4F64}.Release|Any CPU.Build.0 = Release|Any CPU
	EndGlobalSection
	GlobalSection(SolutionProperties) = preSolution
		HideSolutionNode = FALSE
	EndGlobalSection
	GlobalSection(ExtensibilityGlobals) = postSolution
		SolutionGuid = {98BBB6CF-FDBE-4626-B5DA-96480D5D6551}
	EndGlobalSection
EndGlobal
