
Microsoft Visual Studio Solution File, Format Version 12.00
# Visual Studio Version 16
VisualStudioVersion = 16.0.30114.105
MinimumVisualStudioVersion = 10.0.40219.1
Project("{9A19103F-16F7-4668-BE54-9A1E7A4F7556}") = "HelloWorldAgainApp", "HelloWorldAgainApp.csproj", "{93D3CAE7-4AD5-46A7-825E-4CEE58D81728}"
EndProject
Global
	GlobalSection(SolutionConfigurationPlatforms) = preSolution
		Debug|Any CPU = Debug|Any CPU
		Release|Any CPU = Release|Any CPU
	EndGlobalSection
	GlobalSection(ProjectConfigurationPlatforms) = postSolution
		{93D3CAE7-4AD5-46A7-825E-4CEE58D81728}.Debug|Any CPU.ActiveCfg = Debug|Any CPU
		{93D3CAE7-4AD5-46A7-825E-4CEE58D81728}.Debug|Any CPU.Build.0 = Debug|Any CPU
		{93D3CAE7-4AD5-46A7-825E-4CEE58D81728}.Release|Any CPU.ActiveCfg = Release|Any CPU
		{93D3CAE7-4AD5-46A7-825E-4CEE58D81728}.Release|Any CPU.Build.0 = Release|Any CPU
	EndGlobalSection
	GlobalSection(SolutionProperties) = preSolution
		HideSolutionNode = FALSE
	EndGlobalSection
	GlobalSection(ExtensibilityGlobals) = postSolution
		SolutionGuid = {11F99055-1056-4224-A22B-50AADEE111FE}
	EndGlobalSection
EndGlobal
