
Microsoft Visual Studio Solution File, Format Version 12.00
# Visual Studio Version 16
VisualStudioVersion = 16.0.30413.136
MinimumVisualStudioVersion = 10.0.40219.1
Project("{FAE04EC0-301F-11D3-BF4B-00C04F79EFBC}") = "MathApp", "MathApp\MathApp.csproj", "{31269F7A-BEA4-4207-A1B1-F4236D7C0FCB}"
EndProject
Global
	GlobalSection(SolutionConfigurationPlatforms) = preSolution
		Debug|Any CPU = Debug|Any CPU
		Release|Any CPU = Release|Any CPU
	EndGlobalSection
	GlobalSection(ProjectConfigurationPlatforms) = postSolution
		{31269F7A-BEA4-4207-A1B1-F4236D7C0FCB}.Debug|Any CPU.ActiveCfg = Debug|Any CPU
		{31269F7A-BEA4-4207-A1B1-F4236D7C0FCB}.Debug|Any CPU.Build.0 = Debug|Any CPU
		{31269F7A-BEA4-4207-A1B1-F4236D7C0FCB}.Release|Any CPU.ActiveCfg = Release|Any CPU
		{31269F7A-BEA4-4207-A1B1-F4236D7C0FCB}.Release|Any CPU.Build.0 = Release|Any CPU
	EndGlobalSection
	GlobalSection(SolutionProperties) = preSolution
		HideSolutionNode = FALSE
	EndGlobalSection
	GlobalSection(ExtensibilityGlobals) = postSolution
		SolutionGuid = {5E797641-8219-4DDC-9E14-865476F756CB}
	EndGlobalSection
EndGlobal
