
Microsoft Visual Studio Solution File, Format Version 12.00
# Visual Studio Version 16
VisualStudioVersion = 16.0.29609.76
MinimumVisualStudioVersion = 10.0.40219.1
Project("{FAE04EC0-301F-11D3-BF4B-00C04F79EFBC}") = "MathApp", "MathApp\MathApp.csproj", "{DAA67C78-9607-423D-930D-E01662A7B2C3}"
EndProject
Global
	GlobalSection(SolutionConfigurationPlatforms) = preSolution
		Debug|Any CPU = Debug|Any CPU
		Release|Any CPU = Release|Any CPU
	EndGlobalSection
	GlobalSection(ProjectConfigurationPlatforms) = postSolution
		{DAA67C78-9607-423D-930D-E01662A7B2C3}.Debug|Any CPU.ActiveCfg = Debug|Any CPU
		{DAA67C78-9607-423D-930D-E01662A7B2C3}.Debug|Any CPU.Build.0 = Debug|Any CPU
		{DAA67C78-9607-423D-930D-E01662A7B2C3}.Release|Any CPU.ActiveCfg = Release|Any CPU
		{DAA67C78-9607-423D-930D-E01662A7B2C3}.Release|Any CPU.Build.0 = Release|Any CPU
	EndGlobalSection
	GlobalSection(SolutionProperties) = preSolution
		HideSolutionNode = FALSE
	EndGlobalSection
	GlobalSection(ExtensibilityGlobals) = postSolution
		SolutionGuid = {219A2ADC-0553-465F-89F6-3E05A73BC65A}
	EndGlobalSection
EndGlobal
