
Microsoft Visual Studio Solution File, Format Version 12.00
# Visual Studio Version 16
VisualStudioVersion = 16.0.30413.136
MinimumVisualStudioVersion = 10.0.40219.1
Project("{FAE04EC0-301F-11D3-BF4B-00C04F79EFBC}") = "AntiFloodTelegramBot", "AntiFloodTelegramBot\AntiFloodTelegramBot.csproj", "{D9385103-6135-42A6-8306-666E88E75AAA}"
EndProject
Global
	GlobalSection(SolutionConfigurationPlatforms) = preSolution
		Debug|Any CPU = Debug|Any CPU
		Release|Any CPU = Release|Any CPU
	EndGlobalSection
	GlobalSection(ProjectConfigurationPlatforms) = postSolution
		{D9385103-6135-42A6-8306-666E88E75AAA}.Debug|Any CPU.ActiveCfg = Debug|Any CPU
		{D9385103-6135-42A6-8306-666E88E75AAA}.Debug|Any CPU.Build.0 = Debug|Any CPU
		{D9385103-6135-42A6-8306-666E88E75AAA}.Release|Any CPU.ActiveCfg = Release|Any CPU
		{D9385103-6135-42A6-8306-666E88E75AAA}.Release|Any CPU.Build.0 = Release|Any CPU
	EndGlobalSection
	GlobalSection(SolutionProperties) = preSolution
		HideSolutionNode = FALSE
	EndGlobalSection
	GlobalSection(ExtensibilityGlobals) = postSolution
		SolutionGuid = {078C4E86-CCC2-4A0B-85A9-55DC06A2158E}
	EndGlobalSection
EndGlobal
