
Microsoft Visual Studio Solution File, Format Version 12.00
# Visual Studio Version 16
VisualStudioVersion = 16.0.30114.105
MinimumVisualStudioVersion = 10.0.40219.1
Project("{9A19103F-16F7-4668-BE54-9A1E7A4F7556}") = "FirstBot", "FirstBot.csproj", "{C5B07CB0-71BD-4220-8B02-C75805003C5A}"
EndProject
Global
	GlobalSection(SolutionConfigurationPlatforms) = preSolution
		Debug|Any CPU = Debug|Any CPU
		Release|Any CPU = Release|Any CPU
	EndGlobalSection
	GlobalSection(ProjectConfigurationPlatforms) = postSolution
		{C5B07CB0-71BD-4220-8B02-C75805003C5A}.Debug|Any CPU.ActiveCfg = Debug|Any CPU
		{C5B07CB0-71BD-4220-8B02-C75805003C5A}.Debug|Any CPU.Build.0 = Debug|Any CPU
		{C5B07CB0-71BD-4220-8B02-C75805003C5A}.Release|Any CPU.ActiveCfg = Release|Any CPU
		{C5B07CB0-71BD-4220-8B02-C75805003C5A}.Release|Any CPU.Build.0 = Release|Any CPU
	EndGlobalSection
	GlobalSection(SolutionProperties) = preSolution
		HideSolutionNode = FALSE
	EndGlobalSection
	GlobalSection(ExtensibilityGlobals) = postSolution
		SolutionGuid = {A937CC95-FDD9-4543-A55F-1E6E04A58324}
	EndGlobalSection
EndGlobal
